// !$*UTF8*$!
{
	archiveVersion = 1;
	classes = {
	};
	objectVersion = 46;
	objects = {

/* Begin PBXBuildFile section */
		7554D5231D94BD070047A87F /* main.m in Sources */ = {isa = PBXBuildFile; fileRef = 7554D5221D94BD070047A87F /* main.m */; };
		7554D5261D94BD070047A87F /* AppDelegate.m in Sources */ = {isa = PBXBuildFile; fileRef = 7554D5251D94BD070047A87F /* AppDelegate.m */; };
		7554D5291D94BD070047A87F /* HomeViewController.m in Sources */ = {isa = PBXBuildFile; fileRef = 7554D5281D94BD070047A87F /* HomeViewController.m */; };
		7554D52E1D94BD070047A87F /* Assets.xcassets in Resources */ = {isa = PBXBuildFile; fileRef = 7554D52D1D94BD070047A87F /* Assets.xcassets */; };
		7554D5311D94BD070047A87F /* LaunchScreen.storyboard in Resources */ = {isa = PBXBuildFile; fileRef = 7554D52F1D94BD070047A87F /* LaunchScreen.storyboard */; };
		7554E0D51D965651004D4529 /* Video.m in Sources */ = {isa = PBXBuildFile; fileRef = 7554E0D41D965651004D4529 /* Video.m */; };
		7554E0D81D966EC3004D4529 /* SlideMenuLauncher.m in Sources */ = {isa = PBXBuildFile; fileRef = 7554E0D71D966EC3004D4529 /* SlideMenuLauncher.m */; };
		7554E0DB1D967D59004D4529 /* SlideMenuCollectionViewCell.m in Sources */ = {isa = PBXBuildFile; fileRef = 7554E0DA1D967D59004D4529 /* SlideMenuCollectionViewCell.m */; };
		7554E0DE1D96B556004D4529 /* FeedCollectionViewCell.m in Sources */ = {isa = PBXBuildFile; fileRef = 7554E0DD1D96B556004D4529 /* FeedCollectionViewCell.m */; };
		7554E0E11D96BFCA004D4529 /* TrendingCollectionViewCell.m in Sources */ = {isa = PBXBuildFile; fileRef = 7554E0E01D96BFCA004D4529 /* TrendingCollectionViewCell.m */; };
		7554E0E41D975DEF004D4529 /* SubscriptionCollectionViewCell.m in Sources */ = {isa = PBXBuildFile; fileRef = 7554E0E31D975DEF004D4529 /* SubscriptionCollectionViewCell.m */; };
		7554E0E71D9766F3004D4529 /* ProfileCollectionViewCell.m in Sources */ = {isa = PBXBuildFile; fileRef = 7554E0E61D9766F3004D4529 /* ProfileCollectionViewCell.m */; };
		7554E0EA1D97FF57004D4529 /* VideoPlayer.m in Sources */ = {isa = PBXBuildFile; fileRef = 7554E0E91D97FF57004D4529 /* VideoPlayer.m */; };
		7584A7921D94D109008DF960 /* VideoCollectionViewCell.m in Sources */ = {isa = PBXBuildFile; fileRef = 7584A7911D94D109008DF960 /* VideoCollectionViewCell.m */; };
		7584A7961D94DAEF008DF960 /* UIView+Constraints.m in Sources */ = {isa = PBXBuildFile; fileRef = 7584A7951D94DAEF008DF960 /* UIView+Constraints.m */; };
		7584A79C1D950341008DF960 /* CustomMenuBar.m in Sources */ = {isa = PBXBuildFile; fileRef = 7584A79B1D950341008DF960 /* CustomMenuBar.m */; };
		7584A79F1D95106A008DF960 /* MenuCollectionViewCell.m in Sources */ = {isa = PBXBuildFile; fileRef = 7584A79E1D95106A008DF960 /* MenuCollectionViewCell.m */; };
/* End PBXBuildFile section */

/* Begin PBXFileReference section */
		7554D51E1D94BD070047A87F /* YouTubeShell.app */ = {isa = PBXFileReference; explicitFileType = wrapper.application; includeInIndex = 0; path = YouTubeShell.app; sourceTree = BUILT_PRODUCTS_DIR; };
		7554D5221D94BD070047A87F /* main.m */ = {isa = PBXFileReference; lastKnownFileType = sourcecode.c.objc; path = main.m; sourceTree = "<group>"; };
		7554D5241D94BD070047A87F /* AppDelegate.h */ = {isa = PBXFileReference; lastKnownFileType = sourcecode.c.h; path = AppDelegate.h; sourceTree = "<group>"; };
		7554D5251D94BD070047A87F /* AppDelegate.m */ = {isa = PBXFileReference; lastKnownFileType = sourcecode.c.objc; path = AppDelegate.m; sourceTree = "<group>"; };
		7554D5271D94BD070047A87F /* HomeViewController.h */ = {isa = PBXFileReference; lastKnownFileType = sourcecode.c.h; path = HomeViewController.h; sourceTree = "<group>"; };
		7554D5281D94BD070047A87F /* HomeViewController.m */ = {isa = PBXFileReference; lastKnownFileType = sourcecode.c.objc; path = HomeViewController.m; sourceTree = "<group>"; };
		7554D52D1D94BD070047A87F /* Assets.xcassets */ = {isa = PBXFileReference; lastKnownFileType = folder.assetcatalog; path = Assets.xcassets; sourceTree = "<group>"; };
		7554D5301D94BD070047A87F /* Base */ = {isa = PBXFileReference; lastKnownFileType = file.storyboard; name = Base; path = Base.lproj/LaunchScreen.storyboard; sourceTree = "<group>"; };
		7554D5321D94BD070047A87F /* Info.plist */ = {isa = PBXFileReference; lastKnownFileType = text.plist.xml; path = Info.plist; sourceTree = "<group>"; };
		7554E0D31D965651004D4529 /* Video.h */ = {isa = PBXFileReference; fileEncoding = 4; lastKnownFileType = sourcecode.c.h; path = Video.h; sourceTree = "<group>"; };
		7554E0D41D965651004D4529 /* Video.m */ = {isa = PBXFileReference; fileEncoding = 4; lastKnownFileType = sourcecode.c.objc; path = Video.m; sourceTree = "<group>"; };
		7554E0D61D966EC3004D4529 /* SlideMenuLauncher.h */ = {isa = PBXFileReference; fileEncoding = 4; lastKnownFileType = sourcecode.c.h; path = SlideMenuLauncher.h; sourceTree = "<group>"; };
		7554E0D71D966EC3004D4529 /* SlideMenuLauncher.m */ = {isa = PBXFileReference; fileEncoding = 4; lastKnownFileType = sourcecode.c.objc; path = SlideMenuLauncher.m; sourceTree = "<group>"; };
		7554E0D91D967D59004D4529 /* SlideMenuCollectionViewCell.h */ = {isa = PBXFileReference; fileEncoding = 4; lastKnownFileType = sourcecode.c.h; path = SlideMenuCollectionViewCell.h; sourceTree = "<group>"; };
		7554E0DA1D967D59004D4529 /* SlideMenuCollectionViewCell.m */ = {isa = PBXFileReference; fileEncoding = 4; lastKnownFileType = sourcecode.c.objc; path = SlideMenuCollectionViewCell.m; sourceTree = "<group>"; };
		7554E0DC1D96B556004D4529 /* FeedCollectionViewCell.h */ = {isa = PBXFileReference; fileEncoding = 4; lastKnownFileType = sourcecode.c.h; path = FeedCollectionViewCell.h; sourceTree = "<group>"; };
		7554E0DD1D96B556004D4529 /* FeedCollectionViewCell.m */ = {isa = PBXFileReference; fileEncoding = 4; lastKnownFileType = sourcecode.c.objc; path = FeedCollectionViewCell.m; sourceTree = "<group>"; };
		7554E0DF1D96BFCA004D4529 /* TrendingCollectionViewCell.h */ = {isa = PBXFileReference; fileEncoding = 4; lastKnownFileType = sourcecode.c.h; path = TrendingCollectionViewCell.h; sourceTree = "<group>"; };
		7554E0E01D96BFCA004D4529 /* TrendingCollectionViewCell.m */ = {isa = PBXFileReference; fileEncoding = 4; lastKnownFileType = sourcecode.c.objc; path = TrendingCollectionViewCell.m; sourceTree = "<group>"; };
		7554E0E21D975DEF004D4529 /* SubscriptionCollectionViewCell.h */ = {isa = PBXFileReference; fileEncoding = 4; lastKnownFileType = sourcecode.c.h; path = SubscriptionCollectionViewCell.h; sourceTree = "<group>"; };
		7554E0E31D975DEF004D4529 /* SubscriptionCollectionViewCell.m */ = {isa = PBXFileReference; fileEncoding = 4; lastKnownFileType = sourcecode.c.objc; path = SubscriptionCollectionViewCell.m; sourceTree = "<group>"; };
		7554E0E51D9766F3004D4529 /* ProfileCollectionViewCell.h */ = {isa = PBXFileReference; fileEncoding = 4; lastKnownFileType = sourcecode.c.h; path = ProfileCollectionViewCell.h; sourceTree = "<group>"; };
		7554E0E61D9766F3004D4529 /* ProfileCollectionViewCell.m */ = {isa = PBXFileReference; fileEncoding = 4; lastKnownFileType = sourcecode.c.objc; path = ProfileCollectionViewCell.m; sourceTree = "<group>"; };
		7554E0E81D97FF57004D4529 /* VideoPlayer.h */ = {isa = PBXFileReference; fileEncoding = 4; lastKnownFileType = sourcecode.c.h; path = VideoPlayer.h; sourceTree = "<group>"; };
		7554E0E91D97FF57004D4529 /* VideoPlayer.m */ = {isa = PBXFileReference; fileEncoding = 4; lastKnownFileType = sourcecode.c.objc; path = VideoPlayer.m; sourceTree = "<group>"; };
		7584A7901D94D109008DF960 /* VideoCollectionViewCell.h */ = {isa = PBXFileReference; fileEncoding = 4; lastKnownFileType = sourcecode.c.h; path = VideoCollectionViewCell.h; sourceTree = "<group>"; };
		7584A7911D94D109008DF960 /* VideoCollectionViewCell.m */ = {isa = PBXFileReference; fileEncoding = 4; lastKnownFileType = sourcecode.c.objc; path = VideoCollectionViewCell.m; sourceTree = "<group>"; };
		7584A7941D94DAEF008DF960 /* UIView+Constraints.h */ = {isa = PBXFileReference; fileEncoding = 4; lastKnownFileType = sourcecode.c.h; path = "UIView+Constraints.h"; sourceTree = "<group>"; };
		7584A7951D94DAEF008DF960 /* UIView+Constraints.m */ = {isa = PBXFileReference; fileEncoding = 4; lastKnownFileType = sourcecode.c.objc; path = "UIView+Constraints.m"; sourceTree = "<group>"; };
		7584A79A1D950341008DF960 /* CustomMenuBar.h */ = {isa = PBXFileReference; fileEncoding = 4; lastKnownFileType = sourcecode.c.h; path = CustomMenuBar.h; sourceTree = "<group>"; };
		7584A79B1D950341008DF960 /* CustomMenuBar.m */ = {isa = PBXFileReference; fileEncoding = 4; lastKnownFileType = sourcecode.c.objc; path = CustomMenuBar.m; sourceTree = "<group>"; };
		7584A79D1D95106A008DF960 /* MenuCollectionViewCell.h */ = {isa = PBXFileReference; fileEncoding = 4; lastKnownFileType = sourcecode.c.h; path = MenuCollectionViewCell.h; sourceTree = "<group>"; };
		7584A79E1D95106A008DF960 /* MenuCollectionViewCell.m */ = {isa = PBXFileReference; fileEncoding = 4; lastKnownFileType = sourcecode.c.objc; path = MenuCollectionViewCell.m; sourceTree = "<group>"; };
/* End PBXFileReference section */

/* Begin PBXFrameworksBuildPhase section */
		7554D51B1D94BD070047A87F /* Frameworks */ = {
			isa = PBXFrameworksBuildPhase;
			buildActionMask = 2147483647;
			files = (
			);
			runOnlyForDeploymentPostprocessing = 0;
		};
/* End PBXFrameworksBuildPhase section */

/* Begin PBXGroup section */
		7554D5151D94BD070047A87F = {
			isa = PBXGroup;
			children = (
				7554D5201D94BD070047A87F /* YouTubeShell */,
				7554D51F1D94BD070047A87F /* Products */,
			);
			sourceTree = "<group>";
		};
		7554D51F1D94BD070047A87F /* Products */ = {
			isa = PBXGroup;
			children = (
				7554D51E1D94BD070047A87F /* YouTubeShell.app */,
			);
			name = Products;
			sourceTree = "<group>";
		};
		7554D5201D94BD070047A87F /* YouTubeShell */ = {
			isa = PBXGroup;
			children = (
				7584A78C1D94CFB7008DF960 /* App Global */,
				7584A78F1D94CFD8008DF960 /* Model */,
				7584A78E1D94CFD5008DF960 /* View */,
				7584A78D1D94CFD3008DF960 /* Controller */,
				7554E0EB1D9800FD004D4529 /* Util */,
				7554D52D1D94BD070047A87F /* Assets.xcassets */,
				7554D52F1D94BD070047A87F /* LaunchScreen.storyboard */,
				7554D5211D94BD070047A87F /* Supporting Files */,
			);
			path = YouTubeShell;
			sourceTree = "<group>";
		};
		7554D5211D94BD070047A87F /* Supporting Files */ = {
			isa = PBXGroup;
			children = (
				7554D5221D94BD070047A87F /* main.m */,
			);
			name = "Supporting Files";
			sourceTree = "<group>";
		};
		7554E0EB1D9800FD004D4529 /* Util */ = {
			isa = PBXGroup;
			children = (
				7554E0E81D97FF57004D4529 /* VideoPlayer.h */,
				7554E0E91D97FF57004D4529 /* VideoPlayer.m */,
			);
			name = Util;
			sourceTree = "<group>";
		};
		7584A78C1D94CFB7008DF960 /* App Global */ = {
			isa = PBXGroup;
			children = (
				7554D5241D94BD070047A87F /* AppDelegate.h */,
				7554D5251D94BD070047A87F /* AppDelegate.m */,
				7554D5321D94BD070047A87F /* Info.plist */,
			);
			name = "App Global";
			sourceTree = "<group>";
		};
		7584A78D1D94CFD3008DF960 /* Controller */ = {
			isa = PBXGroup;
			children = (
				7554D5271D94BD070047A87F /* HomeViewController.h */,
				7554D5281D94BD070047A87F /* HomeViewController.m */,
			);
			name = Controller;
			sourceTree = "<group>";
		};
		7584A78E1D94CFD5008DF960 /* View */ = {
			isa = PBXGroup;
			children = (
				7584A7941D94DAEF008DF960 /* UIView+Constraints.h */,
				7584A7951D94DAEF008DF960 /* UIView+Constraints.m */,
				7584A7901D94D109008DF960 /* VideoCollectionViewCell.h */,
				7584A7911D94D109008DF960 /* VideoCollectionViewCell.m */,
				7584A79A1D950341008DF960 /* CustomMenuBar.h */,
				7584A79B1D950341008DF960 /* CustomMenuBar.m */,
				7584A79D1D95106A008DF960 /* MenuCollectionViewCell.h */,
				7584A79E1D95106A008DF960 /* MenuCollectionViewCell.m */,
				7554E0D61D966EC3004D4529 /* SlideMenuLauncher.h */,
				7554E0D71D966EC3004D4529 /* SlideMenuLauncher.m */,
				7554E0D91D967D59004D4529 /* SlideMenuCollectionViewCell.h */,
				7554E0DA1D967D59004D4529 /* SlideMenuCollectionViewCell.m */,
				7554E0DC1D96B556004D4529 /* FeedCollectionViewCell.h */,
				7554E0DD1D96B556004D4529 /* FeedCollectionViewCell.m */,
				7554E0DF1D96BFCA004D4529 /* TrendingCollectionViewCell.h */,
				7554E0E01D96BFCA004D4529 /* TrendingCollectionViewCell.m */,
				7554E0E21D975DEF004D4529 /* SubscriptionCollectionViewCell.h */,
				7554E0E31D975DEF004D4529 /* SubscriptionCollectionViewCell.m */,
				7554E0E51D9766F3004D4529 /* ProfileCollectionViewCell.h */,
				7554E0E61D9766F3004D4529 /* ProfileCollectionViewCell.m */,
			);
			name = View;
			sourceTree = "<group>";
		};
		7584A78F1D94CFD8008DF960 /* Model */ = {
			isa = PBXGroup;
			children = (
				7554E0D31D965651004D4529 /* Video.h */,
				7554E0D41D965651004D4529 /* Video.m */,
			);
			name = Model;
			sourceTree = "<group>";
		};
/* End PBXGroup section */

/* Begin PBXNativeTarget section */
		7554D51D1D94BD070047A87F /* YouTubeShell */ = {
			isa = PBXNativeTarget;
			buildConfigurationList = 7554D5351D94BD070047A87F /* Build configuration list for PBXNativeTarget "YouTubeShell" */;
			buildPhases = (
				7554D51A1D94BD070047A87F /* Sources */,
				7554D51B1D94BD070047A87F /* Frameworks */,
				7554D51C1D94BD070047A87F /* Resources */,
			);
			buildRules = (
			);
			dependencies = (
			);
			name = YouTubeShell;
			productName = YouTubeShell;
			productReference = 7554D51E1D94BD070047A87F /* YouTubeShell.app */;
			productType = "com.apple.product-type.application";
		};
/* End PBXNativeTarget section */

/* Begin PBXProject section */
		7554D5161D94BD070047A87F /* Project object */ = {
			isa = PBXProject;
			attributes = {
				LastUpgradeCheck = 0800;
				ORGANIZATIONNAME = "Vincent Chau";
				TargetAttributes = {
					7554D51D1D94BD070047A87F = {
						CreatedOnToolsVersion = 8.0;
						ProvisioningStyle = Automatic;
					};
				};
			};
			buildConfigurationList = 7554D5191D94BD070047A87F /* Build configuration list for PBXProject "YouTubeShell" */;
			compatibilityVersion = "Xcode 3.2";
			developmentRegion = English;
			hasScannedForEncodings = 0;
			knownRegions = (
				en,
				Base,
			);
			mainGroup = 7554D5151D94BD070047A87F;
			productRefGroup = 7554D51F1D94BD070047A87F /* Products */;
			projectDirPath = "";
			projectRoot = "";
			targets = (
				7554D51D1D94BD070047A87F /* YouTubeShell */,
			);
		};
/* End PBXProject section */

/* Begin PBXResourcesBuildPhase section */
		7554D51C1D94BD070047A87F /* Resources */ = {
			isa = PBXResourcesBuildPhase;
			buildActionMask = 2147483647;
			files = (
				7554D5311D94BD070047A87F /* LaunchScreen.storyboard in Resources */,
				7554D52E1D94BD070047A87F /* Assets.xcassets in Resources */,
			);
			runOnlyForDeploymentPostprocessing = 0;
		};
/* End PBXResourcesBuildPhase section */

/* Begin PBXSourcesBuildPhase section */
		7554D51A1D94BD070047A87F /* Sources */ = {
			isa = PBXSourcesBuildPhase;
			buildActionMask = 2147483647;
			files = (
				7554D5291D94BD070047A87F /* HomeViewController.m in Sources */,
				7554E0E11D96BFCA004D4529 /* TrendingCollectionViewCell.m in Sources */,
				7554E0E41D975DEF004D4529 /* SubscriptionCollectionViewCell.m in Sources */,
				7554E0D81D966EC3004D4529 /* SlideMenuLauncher.m in Sources */,
				7554E0D51D965651004D4529 /* Video.m in Sources */,
				7554D5261D94BD070047A87F /* AppDelegate.m in Sources */,
				7584A79F1D95106A008DF960 /* MenuCollectionViewCell.m in Sources */,
				7584A7921D94D109008DF960 /* VideoCollectionViewCell.m in Sources */,
				7584A7961D94DAEF008DF960 /* UIView+Constraints.m in Sources */,
				7554E0DB1D967D59004D4529 /* SlideMenuCollectionViewCell.m in Sources */,
				7554E0E71D9766F3004D4529 /* ProfileCollectionViewCell.m in Sources */,
				7554D5231D94BD070047A87F /* main.m in Sources */,
				7554E0DE1D96B556004D4529 /* FeedCollectionViewCell.m in Sources */,
				7584A79C1D950341008DF960 /* CustomMenuBar.m in Sources */,
				7554E0EA1D97FF57004D4529 /* VideoPlayer.m in Sources */,
			);
			runOnlyForDeploymentPostprocessing = 0;
		};
/* End PBXSourcesBuildPhase section */

/* Begin PBXVariantGroup section */
		7554D52F1D94BD070047A87F /* LaunchScreen.storyboard */ = {
			isa = PBXVariantGroup;
			children = (
				7554D5301D94BD070047A87F /* Base */,
			);
			name = LaunchScreen.storyboard;
			sourceTree = "<group>";
		};
/* End PBXVariantGroup section */

/* Begin XCBuildConfiguration section */
		7554D5331D94BD070047A87F /* Debug */ = {
			isa = XCBuildConfiguration;
			buildSettings = {
				ALWAYS_SEARCH_USER_PATHS = NO;
				CLANG_ANALYZER_NONNULL = YES;
				CLANG_CXX_LANGUAGE_STANDARD = "gnu++0x";
				CLANG_CXX_LIBRARY = "libc++";
				CLANG_ENABLE_MODULES = YES;
				CLANG_ENABLE_OBJC_ARC = YES;
				CLANG_WARN_BOOL_CONVERSION = YES;
				CLANG_WARN_CONSTANT_CONVERSION = YES;
				CLANG_WARN_DIRECT_OBJC_ISA_USAGE = YES_ERROR;
				CLANG_WARN_DOCUMENTATION_COMMENTS = YES;
				CLANG_WARN_EMPTY_BODY = YES;
				CLANG_WARN_ENUM_CONVERSION = YES;
				CLANG_WARN_INFINITE_RECURSION = YES;
				CLANG_WARN_INT_CONVERSION = YES;
				CLANG_WARN_OBJC_ROOT_CLASS = YES_ERROR;
				CLANG_WARN_SUSPICIOUS_MOVES = YES;
				CLANG_WARN_UNREACHABLE_CODE = YES;
				CLANG_WARN__DUPLICATE_METHOD_MATCH = YES;
				"CODE_SIGN_IDENTITY[sdk=iphoneos*]" = "iPhone Developer";
				COPY_PHASE_STRIP = NO;
				DEBUG_INFORMATION_FORMAT = dwarf;
				ENABLE_STRICT_OBJC_MSGSEND = YES;
				ENABLE_TESTABILITY = YES;
				GCC_C_LANGUAGE_STANDARD = gnu99;
				GCC_DYNAMIC_NO_PIC = NO;
				GCC_NO_COMMON_BLOCKS = YES;
				GCC_OPTIMIZATION_LEVEL = 0;
				GCC_PREPROCESSOR_DEFINITIONS = (
					"DEBUG=1",
					"$(inherited)",
				);
				GCC_WARN_64_TO_32_BIT_CONVERSION = YES;
				GCC_WARN_ABOUT_RETURN_TYPE = YES_ERROR;
				GCC_WARN_UNDECLARED_SELECTOR = YES;
				GCC_WARN_UNINITIALIZED_AUTOS = YES_AGGRESSIVE;
				GCC_WARN_UNUSED_FUNCTION = YES;
				GCC_WARN_UNUSED_VARIABLE = YES;
				IPHONEOS_DEPLOYMENT_TARGET = 10.0;
				MTL_ENABLE_DEBUG_INFO = YES;
				ONLY_ACTIVE_ARCH = YES;
				SDKROOT = iphoneos;
				TARGETED_DEVICE_FAMILY = "1,2";
			};
			name = Debug;
		};
		7554D5341D94BD070047A87F /* Release */ = {
			isa = XCBuildConfiguration;
			buildSettings = {
				ALWAYS_SEARCH_USER_PATHS = NO;
				CLANG_ANALYZER_NONNULL = YES;
				CLANG_CXX_LANGUAGE_STANDARD = "gnu++0x";
				CLANG_CXX_LIBRARY = "libc++";
				CLANG_ENABLE_MODULES = YES;
				CLANG_ENABLE_OBJC_ARC = YES;
				CLANG_WARN_BOOL_CONVERSION = YES;
				CLANG_WARN_CONSTANT_CONVERSION = YES;
				CLANG_WARN_DIRECT_OBJC_ISA_USAGE = YES_ERROR;
				CLANG_WARN_DOCUMENTATION_COMMENTS = YES;
				CLANG_WARN_EMPTY_BODY = YES;
				CLANG_WARN_ENUM_CONVERSION = YES;
				CLANG_WARN_INFINITE_RECURSION = YES;
				CLANG_WARN_INT_CONVERSION = YES;
				CLANG_WARN_OBJC_ROOT_CLASS = YES_ERROR;
				CLANG_WARN_SUSPICIOUS_MOVES = YES;
				CLANG_WARN_UNREACHABLE_CODE = YES;
				CLANG_WARN__DUPLICATE_METHOD_MATCH = YES;
				"CODE_SIGN_IDENTITY[sdk=iphoneos*]" = "iPhone Developer";
				COPY_PHASE_STRIP = NO;
				DEBUG_INFORMATION_FORMAT = "dwarf-with-dsym";
				ENABLE_NS_ASSERTIONS = NO;
				ENABLE_STRICT_OBJC_MSGSEND = YES;
				GCC_C_LANGUAGE_STANDARD = gnu99;
				GCC_NO_COMMON_BLOCKS = YES;
				GCC_WARN_64_TO_32_BIT_CONVERSION = YES;
				GCC_WARN_ABOUT_RETURN_TYPE = YES_ERROR;
				GCC_WARN_UNDECLARED_SELECTOR = YES;
				GCC_WARN_UNINITIALIZED_AUTOS = YES_AGGRESSIVE;
				GCC_WARN_UNUSED_FUNCTION = YES;
				GCC_WARN_UNUSED_VARIABLE = YES;
				IPHONEOS_DEPLOYMENT_TARGET = 10.0;
				MTL_ENABLE_DEBUG_INFO = NO;
				SDKROOT = iphoneos;
				TARGETED_DEVICE_FAMILY = "1,2";
				VALIDATE_PRODUCT = YES;
			};
			name = Release;
		};
		7554D5361D94BD070047A87F /* Debug */ = {
			isa = XCBuildConfiguration;
			buildSettings = {
				ASSETCATALOG_COMPILER_APPICON_NAME = AppIcon;
				INFOPLIST_FILE = YouTubeShell/Info.plist;
				LD_RUNPATH_SEARCH_PATHS = "$(inherited) @executable_path/Frameworks";
				PRODUCT_BUNDLE_IDENTIFIER = "Vincent-Chau.YouTubeShell";
				PRODUCT_NAME = "$(TARGET_NAME)";
			};
			name = Debug;
		};
		7554D5371D94BD070047A87F /* Release */ = {
			isa = XCBuildConfiguration;
			buildSettings = {
				ASSETCATALOG_COMPILER_APPICON_NAME = AppIcon;
				INFOPLIST_FILE = YouTubeShell/Info.plist;
				LD_RUNPATH_SEARCH_PATHS = "$(inherited) @executable_path/Frameworks";
				PRODUCT_BUNDLE_IDENTIFIER = "Vincent-Chau.YouTubeShell";
				PRODUCT_NAME = "$(TARGET_NAME)";
			};
			name = Release;
		};
/* End XCBuildConfiguration section */

/* Begin XCConfigurationList section */
		7554D5191D94BD070047A87F /* Build configuration list for PBXProject "YouTubeShell" */ = {
			isa = XCConfigurationList;
			buildConfigurations = (
				7554D5331D94BD070047A87F /* Debug */,
				7554D5341D94BD070047A87F /* Release */,
			);
			defaultConfigurationIsVisible = 0;
			defaultConfigurationName = Release;
		};
		7554D5351D94BD070047A87F /* Build configuration list for PBXNativeTarget "YouTubeShell" */ = {
			isa = XCConfigurationList;
			buildConfigurations = (
				7554D5361D94BD070047A87F /* Debug */,
				7554D5371D94BD070047A87F /* Release */,
			);
			defaultConfigurationIsVisible = 0;
			defaultConfigurationName = Release;
		};
/* End XCConfigurationList section */
	};
	rootObject = 7554D5161D94BD070047A87F /* Project object */;
}
